
Microsoft Visual Studio Solution File, Format Version 12.00
# Visual Studio Version 16
VisualStudioVersion = 16.0.29709.97
MinimumVisualStudioVersion = 10.0.40219.1
Project("{FAE04EC0-301F-11D3-BF4B-00C04F79EFBC}") = "Kütüphane Sistemi", "Kütüphane Sistemi\Kütüphane Sistemi.csproj", "{AD7BCF7C-36AD-4B52-8AA6-4996C341A1ED}"
EndProject
Global
	GlobalSection(SolutionConfigurationPlatforms) = preSolution
		Debug|Any CPU = Debug|Any CPU
		Release|Any CPU = Release|Any CPU
	EndGlobalSection
	GlobalSection(ProjectConfigurationPlatforms) = postSolution
		{AD7BCF7C-36AD-4B52-8AA6-4996C341A1ED}.Debug|Any CPU.ActiveCfg = Debug|Any CPU
		{AD7BCF7C-36AD-4B52-8AA6-4996C341A1ED}.Debug|Any CPU.Build.0 = Debug|Any CPU
		{AD7BCF7C-36AD-4B52-8AA6-4996C341A1ED}.Release|Any CPU.ActiveCfg = Release|Any CPU
		{AD7BCF7C-36AD-4B52-8AA6-4996C341A1ED}.Release|Any CPU.Build.0 = Release|Any CPU
	EndGlobalSection
	GlobalSection(SolutionProperties) = preSolution
		HideSolutionNode = FALSE
	EndGlobalSection
	GlobalSection(ExtensibilityGlobals) = postSolution
		SolutionGuid = {7E2BCB57-3544-429E-8508-4A6A377154B7}
	EndGlobalSection
EndGlobal
